
Microsoft Visual Studio Solution File, Format Version 12.00
Project("{FAE04EC0-301F-11D3-BF4B-00C04F79EFBC}") = "Pratica-Curso-Balta-Csharp", "Pratica-Curso-Balta-Csharp\Pratica-Curso-Balta-Csharp.csproj", "{893F9F45-B4D2-46B6-B240-B3CDE97D141F}"
EndProject
Global
	GlobalSection(SolutionConfigurationPlatforms) = preSolution
		Debug|Any CPU = Debug|Any CPU
		Release|Any CPU = Release|Any CPU
	EndGlobalSection
	GlobalSection(ProjectConfigurationPlatforms) = postSolution
		{893F9F45-B4D2-46B6-B240-B3CDE97D141F}.Debug|Any CPU.ActiveCfg = Debug|Any CPU
		{893F9F45-B4D2-46B6-B240-B3CDE97D141F}.Debug|Any CPU.Build.0 = Debug|Any CPU
		{893F9F45-B4D2-46B6-B240-B3CDE97D141F}.Release|Any CPU.ActiveCfg = Release|Any CPU
		{893F9F45-B4D2-46B6-B240-B3CDE97D141F}.Release|Any CPU.Build.0 = Release|Any CPU
	EndGlobalSection
EndGlobal
